
Microsoft Visual Studio Solution File, Format Version 12.00
# Visual Studio 2013
VisualStudioVersion = 12.0.31101.0
MinimumVisualStudioVersion = 10.0.40219.1
Project("{FAE04EC0-301F-11D3-BF4B-00C04F79EFBC}") = "01.TowerOfHanoi", "01.TowerOfHanoi\01.TowerOfHanoi.csproj", "{82B6AF27-4CC0-44AB-BB71-95E0178C54AE}"
EndProject
Project("{FAE04EC0-301F-11D3-BF4B-00C04F79EFBC}") = "02.NestedLoopsToRecursion", "02.NestedLoopsToRecursion\02.NestedLoopsToRecursion.csproj", "{615857A9-B05C-4E14-BF2E-338CE21967F3}"
EndProject
Project("{FAE04EC0-301F-11D3-BF4B-00C04F79EFBC}") = "03.CombinationsWithRepetition", "03.CombinationsWithRepetition\03.CombinationsWithRepetition.csproj", "{EB486494-685A-45BB-AF5A-C6F79B578D36}"
EndProject
Project("{FAE04EC0-301F-11D3-BF4B-00C04F79EFBC}") = "04.CombinationsWithoutRepetitions", "04.CombinationsWithoutRepetitions\04.CombinationsWithoutRepetitions.csproj", "{9B95D58A-8EE8-4CEA-BF3E-A0F457D39837}"
EndProject
Project("{FAE04EC0-301F-11D3-BF4B-00C04F79EFBC}") = "05.PathsBetweenCellsInMatrix", "05.PathsBetweenCellsInMatrix\05.PathsBetweenCellsInMatrix.csproj", "{DD2F37DE-AF8E-4AD7-B681-9C9FAB01BCA6}"
EndProject
Global
	GlobalSection(SolutionConfigurationPlatforms) = preSolution
		Debug|Any CPU = Debug|Any CPU
		Release|Any CPU = Release|Any CPU
	EndGlobalSection
	GlobalSection(ProjectConfigurationPlatforms) = postSolution
		{82B6AF27-4CC0-44AB-BB71-95E0178C54AE}.Debug|Any CPU.ActiveCfg = Debug|Any CPU
		{82B6AF27-4CC0-44AB-BB71-95E0178C54AE}.Debug|Any CPU.Build.0 = Debug|Any CPU
		{82B6AF27-4CC0-44AB-BB71-95E0178C54AE}.Release|Any CPU.ActiveCfg = Release|Any CPU
		{82B6AF27-4CC0-44AB-BB71-95E0178C54AE}.Release|Any CPU.Build.0 = Release|Any CPU
		{615857A9-B05C-4E14-BF2E-338CE21967F3}.Debug|Any CPU.ActiveCfg = Debug|Any CPU
		{615857A9-B05C-4E14-BF2E-338CE21967F3}.Debug|Any CPU.Build.0 = Debug|Any CPU
		{615857A9-B05C-4E14-BF2E-338CE21967F3}.Release|Any CPU.ActiveCfg = Release|Any CPU
		{615857A9-B05C-4E14-BF2E-338CE21967F3}.Release|Any CPU.Build.0 = Release|Any CPU
		{EB486494-685A-45BB-AF5A-C6F79B578D36}.Debug|Any CPU.ActiveCfg = Debug|Any CPU
		{EB486494-685A-45BB-AF5A-C6F79B578D36}.Debug|Any CPU.Build.0 = Debug|Any CPU
		{EB486494-685A-45BB-AF5A-C6F79B578D36}.Release|Any CPU.ActiveCfg = Release|Any CPU
		{EB486494-685A-45BB-AF5A-C6F79B578D36}.Release|Any CPU.Build.0 = Release|Any CPU
		{9B95D58A-8EE8-4CEA-BF3E-A0F457D39837}.Debug|Any CPU.ActiveCfg = Debug|Any CPU
		{9B95D58A-8EE8-4CEA-BF3E-A0F457D39837}.Debug|Any CPU.Build.0 = Debug|Any CPU
		{9B95D58A-8EE8-4CEA-BF3E-A0F457D39837}.Release|Any CPU.ActiveCfg = Release|Any CPU
		{9B95D58A-8EE8-4CEA-BF3E-A0F457D39837}.Release|Any CPU.Build.0 = Release|Any CPU
		{DD2F37DE-AF8E-4AD7-B681-9C9FAB01BCA6}.Debug|Any CPU.ActiveCfg = Debug|Any CPU
		{DD2F37DE-AF8E-4AD7-B681-9C9FAB01BCA6}.Debug|Any CPU.Build.0 = Debug|Any CPU
		{DD2F37DE-AF8E-4AD7-B681-9C9FAB01BCA6}.Release|Any CPU.ActiveCfg = Release|Any CPU
		{DD2F37DE-AF8E-4AD7-B681-9C9FAB01BCA6}.Release|Any CPU.Build.0 = Release|Any CPU
	EndGlobalSection
	GlobalSection(SolutionProperties) = preSolution
		HideSolutionNode = FALSE
	EndGlobalSection
EndGlobal
